
Microsoft Visual Studio Solution File, Format Version 12.00
# Visual Studio Version 17
VisualStudioVersion = 17.4.33205.214
MinimumVisualStudioVersion = 10.0.40219.1
Project("{888888A0-9F3D-457C-B088-3A5042F75D52}") = "tund.py", "tund.py.pyproj", "{37371F30-668A-4FCA-B579-F898CB3A6558}"
EndProject
Global
	GlobalSection(SolutionConfigurationPlatforms) = preSolution
		Debug|Any CPU = Debug|Any CPU
		Release|Any CPU = Release|Any CPU
	EndGlobalSection
	GlobalSection(ProjectConfigurationPlatforms) = postSolution
		{37371F30-668A-4FCA-B579-F898CB3A6558}.Debug|Any CPU.ActiveCfg = Debug|Any CPU
		{37371F30-668A-4FCA-B579-F898CB3A6558}.Release|Any CPU.ActiveCfg = Release|Any CPU
	EndGlobalSection
	GlobalSection(SolutionProperties) = preSolution
		HideSolutionNode = FALSE
	EndGlobalSection
	GlobalSection(ExtensibilityGlobals) = postSolution
		SolutionGuid = {9F4F9DF5-46E9-48DC-9C9E-89EDD1FBE084}
	EndGlobalSection
EndGlobal
